
Microsoft Visual Studio Solution File, Format Version 12.00
# Visual Studio Version 17
VisualStudioVersion = 17.3.32819.101
MinimumVisualStudioVersion = 10.0.40219.1
Project("{FAE04EC0-301F-11D3-BF4B-00C04F79EFBC}") = "group", "group\group.csproj", "{2F161D72-F0B1-4B39-9997-1B7AEE1DC93A}"
EndProject
Global
	GlobalSection(SolutionConfigurationPlatforms) = preSolution
		Debug|Any CPU = Debug|Any CPU
		Release|Any CPU = Release|Any CPU
	EndGlobalSection
	GlobalSection(ProjectConfigurationPlatforms) = postSolution
		{2F161D72-F0B1-4B39-9997-1B7AEE1DC93A}.Debug|Any CPU.ActiveCfg = Debug|Any CPU
		{2F161D72-F0B1-4B39-9997-1B7AEE1DC93A}.Debug|Any CPU.Build.0 = Debug|Any CPU
		{2F161D72-F0B1-4B39-9997-1B7AEE1DC93A}.Release|Any CPU.ActiveCfg = Release|Any CPU
		{2F161D72-F0B1-4B39-9997-1B7AEE1DC93A}.Release|Any CPU.Build.0 = Release|Any CPU
	EndGlobalSection
	GlobalSection(SolutionProperties) = preSolution
		HideSolutionNode = FALSE
	EndGlobalSection
	GlobalSection(ExtensibilityGlobals) = postSolution
		SolutionGuid = {BEF76574-01D8-48F5-81FA-49D9DD11C3D7}
	EndGlobalSection
EndGlobal
